{
  "name": "babel-plugin-isotropy-keyvaluedb",
  "version": "0.0.3",
  "lockfileVersion": 1,
  "requires": true,
  "dependencies": {
    "chimpanzee": {
      "version": "0.0.63",
      "resolved": "https://registry.npmjs.org/chimpanzee/-/chimpanzee-0.0.63.tgz",
      "integrity": "sha512-kj7sRC9tT8VdaSehoapXi1uvgHhCLkNVvzuxamYXifVgc+Phmdo0kch9i62Ozt8PRWxyRKuQjegjXKDBnT18zQ==",
      "dev": true,
      "requires": {
        "lazily": "0.0.17"
      }
    },
    "lazily": {
      "version": "0.0.17",
      "resolved": "https://registry.npmjs.org/lazily/-/lazily-0.0.17.tgz",
      "integrity": "sha1-ueqVzZO5khCAF9S6Wg4bc+HvQ+I=",
      "dev": true
    }
  }
}
